
Microsoft Visual Studio Solution File, Format Version 12.00
# Visual Studio Version 16
VisualStudioVersion = 16.0.31424.327
MinimumVisualStudioVersion = 10.0.40219.1
Project("{FAE04EC0-301F-11D3-BF4B-00C04F79EFBC}") = "Zadatak7", "Zadatak7\Zadatak7.csproj", "{F1E3B3BE-B950-4BE0-8EF3-52754D2E85BB}"
EndProject
Global
	GlobalSection(SolutionConfigurationPlatforms) = preSolution
		Debug|Any CPU = Debug|Any CPU
		Release|Any CPU = Release|Any CPU
	EndGlobalSection
	GlobalSection(ProjectConfigurationPlatforms) = postSolution
		{F1E3B3BE-B950-4BE0-8EF3-52754D2E85BB}.Debug|Any CPU.ActiveCfg = Debug|Any CPU
		{F1E3B3BE-B950-4BE0-8EF3-52754D2E85BB}.Debug|Any CPU.Build.0 = Debug|Any CPU
		{F1E3B3BE-B950-4BE0-8EF3-52754D2E85BB}.Release|Any CPU.ActiveCfg = Release|Any CPU
		{F1E3B3BE-B950-4BE0-8EF3-52754D2E85BB}.Release|Any CPU.Build.0 = Release|Any CPU
	EndGlobalSection
	GlobalSection(SolutionProperties) = preSolution
		HideSolutionNode = FALSE
	EndGlobalSection
	GlobalSection(ExtensibilityGlobals) = postSolution
		SolutionGuid = {1BFAA103-FE14-48BC-B207-DB04D0268338}
	EndGlobalSection
EndGlobal
