
Microsoft Visual Studio Solution File, Format Version 12.00
# Visual Studio Version 16
VisualStudioVersion = 16.0.31424.327
MinimumVisualStudioVersion = 10.0.40219.1
Project("{FAE04EC0-301F-11D3-BF4B-00C04F79EFBC}") = "Zadatak7", "Zadatak7\Zadatak7.csproj", "{7EF3D670-D895-4983-879E-5BED68F553F4}"
EndProject
Global
	GlobalSection(SolutionConfigurationPlatforms) = preSolution
		Debug|Any CPU = Debug|Any CPU
		Release|Any CPU = Release|Any CPU
	EndGlobalSection
	GlobalSection(ProjectConfigurationPlatforms) = postSolution
		{7EF3D670-D895-4983-879E-5BED68F553F4}.Debug|Any CPU.ActiveCfg = Debug|Any CPU
		{7EF3D670-D895-4983-879E-5BED68F553F4}.Debug|Any CPU.Build.0 = Debug|Any CPU
		{7EF3D670-D895-4983-879E-5BED68F553F4}.Release|Any CPU.ActiveCfg = Release|Any CPU
		{7EF3D670-D895-4983-879E-5BED68F553F4}.Release|Any CPU.Build.0 = Release|Any CPU
	EndGlobalSection
	GlobalSection(SolutionProperties) = preSolution
		HideSolutionNode = FALSE
	EndGlobalSection
	GlobalSection(ExtensibilityGlobals) = postSolution
		SolutionGuid = {BC4E5A0F-54D8-496E-BB26-CA50E4E77E7B}
	EndGlobalSection
EndGlobal
