
Microsoft Visual Studio Solution File, Format Version 12.00
# Visual Studio Version 16
VisualStudioVersion = 16.0.31424.327
MinimumVisualStudioVersion = 10.0.40219.1
Project("{FAE04EC0-301F-11D3-BF4B-00C04F79EFBC}") = "LISTAGRADOVAIDRŽAVA", "LISTAGRADOVAIDRŽAVA\LISTAGRADOVAIDRŽAVA.csproj", "{B3F835AF-1D5B-4BE6-998B-2373649E729D}"
EndProject
Global
	GlobalSection(SolutionConfigurationPlatforms) = preSolution
		Debug|Any CPU = Debug|Any CPU
		Release|Any CPU = Release|Any CPU
	EndGlobalSection
	GlobalSection(ProjectConfigurationPlatforms) = postSolution
		{B3F835AF-1D5B-4BE6-998B-2373649E729D}.Debug|Any CPU.ActiveCfg = Debug|Any CPU
		{B3F835AF-1D5B-4BE6-998B-2373649E729D}.Debug|Any CPU.Build.0 = Debug|Any CPU
		{B3F835AF-1D5B-4BE6-998B-2373649E729D}.Release|Any CPU.ActiveCfg = Release|Any CPU
		{B3F835AF-1D5B-4BE6-998B-2373649E729D}.Release|Any CPU.Build.0 = Release|Any CPU
	EndGlobalSection
	GlobalSection(SolutionProperties) = preSolution
		HideSolutionNode = FALSE
	EndGlobalSection
	GlobalSection(ExtensibilityGlobals) = postSolution
		SolutionGuid = {8EAD1521-6CC0-463B-80AE-5BE84A3EA779}
	EndGlobalSection
EndGlobal
