
Microsoft Visual Studio Solution File, Format Version 12.00
# Visual Studio Version 17
VisualStudioVersion = 17.2.32505.173
MinimumVisualStudioVersion = 10.0.40219.1
Project("{FAE04EC0-301F-11D3-BF4B-00C04F79EFBC}") = "StanovniciHrvatske", "StanovniciHrvatske\StanovniciHrvatske.csproj", "{D367AD0F-6AF9-47B8-ADE2-BC130ED3524F}"
EndProject
Global
	GlobalSection(SolutionConfigurationPlatforms) = preSolution
		Debug|Any CPU = Debug|Any CPU
		Release|Any CPU = Release|Any CPU
	EndGlobalSection
	GlobalSection(ProjectConfigurationPlatforms) = postSolution
		{D367AD0F-6AF9-47B8-ADE2-BC130ED3524F}.Debug|Any CPU.ActiveCfg = Debug|Any CPU
		{D367AD0F-6AF9-47B8-ADE2-BC130ED3524F}.Debug|Any CPU.Build.0 = Debug|Any CPU
		{D367AD0F-6AF9-47B8-ADE2-BC130ED3524F}.Release|Any CPU.ActiveCfg = Release|Any CPU
		{D367AD0F-6AF9-47B8-ADE2-BC130ED3524F}.Release|Any CPU.Build.0 = Release|Any CPU
	EndGlobalSection
	GlobalSection(SolutionProperties) = preSolution
		HideSolutionNode = FALSE
	EndGlobalSection
	GlobalSection(ExtensibilityGlobals) = postSolution
		SolutionGuid = {21B02D29-9EAE-412F-9065-B5CD4BA90AC2}
	EndGlobalSection
EndGlobal
