
Microsoft Visual Studio Solution File, Format Version 12.00
# Visual Studio Version 16
VisualStudioVersion = 16.0.31424.327
MinimumVisualStudioVersion = 10.0.40219.1
Project("{FAE04EC0-301F-11D3-BF4B-00C04F79EFBC}") = "Timovi", "Timovi\Timovi.csproj", "{83403E60-B0F2-4D47-8D96-3BA4159EFBAF}"
EndProject
Project("{FAE04EC0-301F-11D3-BF4B-00C04F79EFBC}") = "TomoviData", "TomoviData\TomoviData.csproj", "{CC488CA2-6780-45FA-89A2-626A9D53CE3D}"
EndProject
Global
	GlobalSection(SolutionConfigurationPlatforms) = preSolution
		Debug|Any CPU = Debug|Any CPU
		Release|Any CPU = Release|Any CPU
	EndGlobalSection
	GlobalSection(ProjectConfigurationPlatforms) = postSolution
		{83403E60-B0F2-4D47-8D96-3BA4159EFBAF}.Debug|Any CPU.ActiveCfg = Debug|Any CPU
		{83403E60-B0F2-4D47-8D96-3BA4159EFBAF}.Debug|Any CPU.Build.0 = Debug|Any CPU
		{83403E60-B0F2-4D47-8D96-3BA4159EFBAF}.Release|Any CPU.ActiveCfg = Release|Any CPU
		{83403E60-B0F2-4D47-8D96-3BA4159EFBAF}.Release|Any CPU.Build.0 = Release|Any CPU
		{CC488CA2-6780-45FA-89A2-626A9D53CE3D}.Debug|Any CPU.ActiveCfg = Debug|Any CPU
		{CC488CA2-6780-45FA-89A2-626A9D53CE3D}.Debug|Any CPU.Build.0 = Debug|Any CPU
		{CC488CA2-6780-45FA-89A2-626A9D53CE3D}.Release|Any CPU.ActiveCfg = Release|Any CPU
		{CC488CA2-6780-45FA-89A2-626A9D53CE3D}.Release|Any CPU.Build.0 = Release|Any CPU
	EndGlobalSection
	GlobalSection(SolutionProperties) = preSolution
		HideSolutionNode = FALSE
	EndGlobalSection
	GlobalSection(ExtensibilityGlobals) = postSolution
		SolutionGuid = {8B0634CD-1E16-4F37-A4E1-0E7080A78B66}
	EndGlobalSection
EndGlobal
