
Microsoft Visual Studio Solution File, Format Version 12.00
# Visual Studio Version 16
VisualStudioVersion = 16.0.31424.327
MinimumVisualStudioVersion = 10.0.40219.1
Project("{FAE04EC0-301F-11D3-BF4B-00C04F79EFBC}") = "Zadatak1", "Zadatak1\Zadatak1.csproj", "{051EDF30-749B-429F-956D-0BE61037B225}"
EndProject
Global
	GlobalSection(SolutionConfigurationPlatforms) = preSolution
		Debug|Any CPU = Debug|Any CPU
		Release|Any CPU = Release|Any CPU
	EndGlobalSection
	GlobalSection(ProjectConfigurationPlatforms) = postSolution
		{051EDF30-749B-429F-956D-0BE61037B225}.Debug|Any CPU.ActiveCfg = Debug|Any CPU
		{051EDF30-749B-429F-956D-0BE61037B225}.Debug|Any CPU.Build.0 = Debug|Any CPU
		{051EDF30-749B-429F-956D-0BE61037B225}.Release|Any CPU.ActiveCfg = Release|Any CPU
		{051EDF30-749B-429F-956D-0BE61037B225}.Release|Any CPU.Build.0 = Release|Any CPU
	EndGlobalSection
	GlobalSection(SolutionProperties) = preSolution
		HideSolutionNode = FALSE
	EndGlobalSection
	GlobalSection(ExtensibilityGlobals) = postSolution
		SolutionGuid = {6EDE6793-E0EE-4997-BBFB-391786A2376A}
	EndGlobalSection
EndGlobal
