
Microsoft Visual Studio Solution File, Format Version 12.00
# Visual Studio Version 16
VisualStudioVersion = 16.0.31424.327
MinimumVisualStudioVersion = 10.0.40219.1
Project("{FAE04EC0-301F-11D3-BF4B-00C04F79EFBC}") = "Zadatak17", "Zadatak17\Zadatak17.csproj", "{B96CAD3D-D5BC-48DA-9113-203C8F684610}"
EndProject
Global
	GlobalSection(SolutionConfigurationPlatforms) = preSolution
		Debug|Any CPU = Debug|Any CPU
		Release|Any CPU = Release|Any CPU
	EndGlobalSection
	GlobalSection(ProjectConfigurationPlatforms) = postSolution
		{B96CAD3D-D5BC-48DA-9113-203C8F684610}.Debug|Any CPU.ActiveCfg = Debug|Any CPU
		{B96CAD3D-D5BC-48DA-9113-203C8F684610}.Debug|Any CPU.Build.0 = Debug|Any CPU
		{B96CAD3D-D5BC-48DA-9113-203C8F684610}.Release|Any CPU.ActiveCfg = Release|Any CPU
		{B96CAD3D-D5BC-48DA-9113-203C8F684610}.Release|Any CPU.Build.0 = Release|Any CPU
	EndGlobalSection
	GlobalSection(SolutionProperties) = preSolution
		HideSolutionNode = FALSE
	EndGlobalSection
	GlobalSection(ExtensibilityGlobals) = postSolution
		SolutionGuid = {C1E78049-001F-4730-AEBE-C604AE39F4DD}
	EndGlobalSection
EndGlobal
