
Microsoft Visual Studio Solution File, Format Version 12.00
# Visual Studio Version 16
VisualStudioVersion = 16.0.31424.327
MinimumVisualStudioVersion = 10.0.40219.1
Project("{FAE04EC0-301F-11D3-BF4B-00C04F79EFBC}") = "PONAVLJANJE", "PONAVLJANJE\PONAVLJANJE.csproj", "{20DEFD6D-8620-4139-91C3-39CFA747E08C}"
EndProject
Global
	GlobalSection(SolutionConfigurationPlatforms) = preSolution
		Debug|Any CPU = Debug|Any CPU
		Release|Any CPU = Release|Any CPU
	EndGlobalSection
	GlobalSection(ProjectConfigurationPlatforms) = postSolution
		{20DEFD6D-8620-4139-91C3-39CFA747E08C}.Debug|Any CPU.ActiveCfg = Debug|Any CPU
		{20DEFD6D-8620-4139-91C3-39CFA747E08C}.Debug|Any CPU.Build.0 = Debug|Any CPU
		{20DEFD6D-8620-4139-91C3-39CFA747E08C}.Release|Any CPU.ActiveCfg = Release|Any CPU
		{20DEFD6D-8620-4139-91C3-39CFA747E08C}.Release|Any CPU.Build.0 = Release|Any CPU
	EndGlobalSection
	GlobalSection(SolutionProperties) = preSolution
		HideSolutionNode = FALSE
	EndGlobalSection
	GlobalSection(ExtensibilityGlobals) = postSolution
		SolutionGuid = {B83597F8-3590-42FB-877F-C642EF2357A8}
	EndGlobalSection
EndGlobal
