
Microsoft Visual Studio Solution File, Format Version 12.00
# Visual Studio Version 17
VisualStudioVersion = 17.2.32505.173
MinimumVisualStudioVersion = 10.0.40219.1
Project("{FAE04EC0-301F-11D3-BF4B-00C04F79EFBC}") = "PrijevozniciIKupci", "PrijevozniciIKupci\PrijevozniciIKupci.csproj", "{703EDCAB-1E93-4F39-BE3C-39EB941D2EE5}"
EndProject
Global
	GlobalSection(SolutionConfigurationPlatforms) = preSolution
		Debug|Any CPU = Debug|Any CPU
		Release|Any CPU = Release|Any CPU
	EndGlobalSection
	GlobalSection(ProjectConfigurationPlatforms) = postSolution
		{703EDCAB-1E93-4F39-BE3C-39EB941D2EE5}.Debug|Any CPU.ActiveCfg = Debug|Any CPU
		{703EDCAB-1E93-4F39-BE3C-39EB941D2EE5}.Debug|Any CPU.Build.0 = Debug|Any CPU
		{703EDCAB-1E93-4F39-BE3C-39EB941D2EE5}.Release|Any CPU.ActiveCfg = Release|Any CPU
		{703EDCAB-1E93-4F39-BE3C-39EB941D2EE5}.Release|Any CPU.Build.0 = Release|Any CPU
	EndGlobalSection
	GlobalSection(SolutionProperties) = preSolution
		HideSolutionNode = FALSE
	EndGlobalSection
	GlobalSection(ExtensibilityGlobals) = postSolution
		SolutionGuid = {8FF7A279-F46E-4CF7-83A3-C16483672429}
	EndGlobalSection
EndGlobal
