
Microsoft Visual Studio Solution File, Format Version 12.00
# Visual Studio Version 16
VisualStudioVersion = 16.0.31424.327
MinimumVisualStudioVersion = 10.0.40219.1
Project("{FAE04EC0-301F-11D3-BF4B-00C04F79EFBC}") = "Zadatak8", "Zadatak8\Zadatak8.csproj", "{E28581A8-366C-4C46-94F2-0399960FC36B}"
EndProject
Global
	GlobalSection(SolutionConfigurationPlatforms) = preSolution
		Debug|Any CPU = Debug|Any CPU
		Release|Any CPU = Release|Any CPU
	EndGlobalSection
	GlobalSection(ProjectConfigurationPlatforms) = postSolution
		{E28581A8-366C-4C46-94F2-0399960FC36B}.Debug|Any CPU.ActiveCfg = Debug|Any CPU
		{E28581A8-366C-4C46-94F2-0399960FC36B}.Debug|Any CPU.Build.0 = Debug|Any CPU
		{E28581A8-366C-4C46-94F2-0399960FC36B}.Release|Any CPU.ActiveCfg = Release|Any CPU
		{E28581A8-366C-4C46-94F2-0399960FC36B}.Release|Any CPU.Build.0 = Release|Any CPU
	EndGlobalSection
	GlobalSection(SolutionProperties) = preSolution
		HideSolutionNode = FALSE
	EndGlobalSection
	GlobalSection(ExtensibilityGlobals) = postSolution
		SolutionGuid = {B6CA06C4-58D2-4DE7-B433-AD827F55B0E0}
	EndGlobalSection
EndGlobal
