
Microsoft Visual Studio Solution File, Format Version 12.00
# Visual Studio Version 16
VisualStudioVersion = 16.0.31424.327
MinimumVisualStudioVersion = 10.0.40219.1
Project("{FAE04EC0-301F-11D3-BF4B-00C04F79EFBC}") = "Zadatak20", "Zadatak20\Zadatak20.csproj", "{C671711B-1DD3-47BB-9830-46DF969842E4}"
EndProject
Global
	GlobalSection(SolutionConfigurationPlatforms) = preSolution
		Debug|Any CPU = Debug|Any CPU
		Release|Any CPU = Release|Any CPU
	EndGlobalSection
	GlobalSection(ProjectConfigurationPlatforms) = postSolution
		{C671711B-1DD3-47BB-9830-46DF969842E4}.Debug|Any CPU.ActiveCfg = Debug|Any CPU
		{C671711B-1DD3-47BB-9830-46DF969842E4}.Debug|Any CPU.Build.0 = Debug|Any CPU
		{C671711B-1DD3-47BB-9830-46DF969842E4}.Release|Any CPU.ActiveCfg = Release|Any CPU
		{C671711B-1DD3-47BB-9830-46DF969842E4}.Release|Any CPU.Build.0 = Release|Any CPU
	EndGlobalSection
	GlobalSection(SolutionProperties) = preSolution
		HideSolutionNode = FALSE
	EndGlobalSection
	GlobalSection(ExtensibilityGlobals) = postSolution
		SolutionGuid = {808409F5-7AD8-4923-8BC7-7968332EE589}
	EndGlobalSection
EndGlobal
