
Microsoft Visual Studio Solution File, Format Version 12.00
# Visual Studio Version 16
VisualStudioVersion = 16.0.31424.327
MinimumVisualStudioVersion = 10.0.40219.1
Project("{FAE04EC0-301F-11D3-BF4B-00C04F79EFBC}") = "Zadatak16", "Zadatak16\Zadatak16.csproj", "{8AEFD4CA-1BD8-4A0C-9B9E-C071FB00F931}"
EndProject
Global
	GlobalSection(SolutionConfigurationPlatforms) = preSolution
		Debug|Any CPU = Debug|Any CPU
		Release|Any CPU = Release|Any CPU
	EndGlobalSection
	GlobalSection(ProjectConfigurationPlatforms) = postSolution
		{8AEFD4CA-1BD8-4A0C-9B9E-C071FB00F931}.Debug|Any CPU.ActiveCfg = Debug|Any CPU
		{8AEFD4CA-1BD8-4A0C-9B9E-C071FB00F931}.Debug|Any CPU.Build.0 = Debug|Any CPU
		{8AEFD4CA-1BD8-4A0C-9B9E-C071FB00F931}.Release|Any CPU.ActiveCfg = Release|Any CPU
		{8AEFD4CA-1BD8-4A0C-9B9E-C071FB00F931}.Release|Any CPU.Build.0 = Release|Any CPU
	EndGlobalSection
	GlobalSection(SolutionProperties) = preSolution
		HideSolutionNode = FALSE
	EndGlobalSection
	GlobalSection(ExtensibilityGlobals) = postSolution
		SolutionGuid = {3A1DE23A-E950-44EB-B3B3-60C8A91CAAA0}
	EndGlobalSection
EndGlobal
