
Microsoft Visual Studio Solution File, Format Version 12.00
# Visual Studio Version 16
VisualStudioVersion = 16.0.31424.327
MinimumVisualStudioVersion = 10.0.40219.1
Project("{FAE04EC0-301F-11D3-BF4B-00C04F79EFBC}") = "VJEŽBA1", "VJEŽBA1\VJEŽBA1.csproj", "{CA3F0EA7-6B1C-43DC-96C7-39DD8CDBC008}"
EndProject
Global
	GlobalSection(SolutionConfigurationPlatforms) = preSolution
		Debug|Any CPU = Debug|Any CPU
		Release|Any CPU = Release|Any CPU
	EndGlobalSection
	GlobalSection(ProjectConfigurationPlatforms) = postSolution
		{CA3F0EA7-6B1C-43DC-96C7-39DD8CDBC008}.Debug|Any CPU.ActiveCfg = Debug|Any CPU
		{CA3F0EA7-6B1C-43DC-96C7-39DD8CDBC008}.Debug|Any CPU.Build.0 = Debug|Any CPU
		{CA3F0EA7-6B1C-43DC-96C7-39DD8CDBC008}.Release|Any CPU.ActiveCfg = Release|Any CPU
		{CA3F0EA7-6B1C-43DC-96C7-39DD8CDBC008}.Release|Any CPU.Build.0 = Release|Any CPU
	EndGlobalSection
	GlobalSection(SolutionProperties) = preSolution
		HideSolutionNode = FALSE
	EndGlobalSection
	GlobalSection(ExtensibilityGlobals) = postSolution
		SolutionGuid = {8BB6E652-63D7-4D40-B964-195B1D38410D}
	EndGlobalSection
EndGlobal
