
Microsoft Visual Studio Solution File, Format Version 12.00
# Visual Studio Version 16
VisualStudioVersion = 16.0.31424.327
MinimumVisualStudioVersion = 10.0.40219.1
Project("{FAE04EC0-301F-11D3-BF4B-00C04F79EFBC}") = "Zadatak12", "Zadatak12\Zadatak12.csproj", "{56AB594F-84FB-45AF-B099-3DD5A185830E}"
EndProject
Global
	GlobalSection(SolutionConfigurationPlatforms) = preSolution
		Debug|Any CPU = Debug|Any CPU
		Release|Any CPU = Release|Any CPU
	EndGlobalSection
	GlobalSection(ProjectConfigurationPlatforms) = postSolution
		{56AB594F-84FB-45AF-B099-3DD5A185830E}.Debug|Any CPU.ActiveCfg = Debug|Any CPU
		{56AB594F-84FB-45AF-B099-3DD5A185830E}.Debug|Any CPU.Build.0 = Debug|Any CPU
		{56AB594F-84FB-45AF-B099-3DD5A185830E}.Release|Any CPU.ActiveCfg = Release|Any CPU
		{56AB594F-84FB-45AF-B099-3DD5A185830E}.Release|Any CPU.Build.0 = Release|Any CPU
	EndGlobalSection
	GlobalSection(SolutionProperties) = preSolution
		HideSolutionNode = FALSE
	EndGlobalSection
	GlobalSection(ExtensibilityGlobals) = postSolution
		SolutionGuid = {11F741A0-C1F7-4401-8883-0556077585B4}
	EndGlobalSection
EndGlobal
