
Microsoft Visual Studio Solution File, Format Version 12.00
# Visual Studio Version 16
VisualStudioVersion = 16.0.31424.327
MinimumVisualStudioVersion = 10.0.40219.1
Project("{FAE04EC0-301F-11D3-BF4B-00C04F79EFBC}") = "Zadatak8", "Zadatak8\Zadatak8.csproj", "{19EFD844-78C3-4567-A5C1-A51E672117B6}"
EndProject
Global
	GlobalSection(SolutionConfigurationPlatforms) = preSolution
		Debug|Any CPU = Debug|Any CPU
		Release|Any CPU = Release|Any CPU
	EndGlobalSection
	GlobalSection(ProjectConfigurationPlatforms) = postSolution
		{19EFD844-78C3-4567-A5C1-A51E672117B6}.Debug|Any CPU.ActiveCfg = Debug|Any CPU
		{19EFD844-78C3-4567-A5C1-A51E672117B6}.Debug|Any CPU.Build.0 = Debug|Any CPU
		{19EFD844-78C3-4567-A5C1-A51E672117B6}.Release|Any CPU.ActiveCfg = Release|Any CPU
		{19EFD844-78C3-4567-A5C1-A51E672117B6}.Release|Any CPU.Build.0 = Release|Any CPU
	EndGlobalSection
	GlobalSection(SolutionProperties) = preSolution
		HideSolutionNode = FALSE
	EndGlobalSection
	GlobalSection(ExtensibilityGlobals) = postSolution
		SolutionGuid = {6602673A-0094-4DD4-8FC9-CA9E4AC84231}
	EndGlobalSection
EndGlobal
