
Microsoft Visual Studio Solution File, Format Version 12.00
# Visual Studio Version 16
VisualStudioVersion = 16.0.31424.327
MinimumVisualStudioVersion = 10.0.40219.1
Project("{FAE04EC0-301F-11D3-BF4B-00C04F79EFBC}") = "Zadatak10", "Zadatak10\Zadatak10.csproj", "{EEC4C4DC-5268-4648-A981-8CE34EE5BEEA}"
EndProject
Global
	GlobalSection(SolutionConfigurationPlatforms) = preSolution
		Debug|Any CPU = Debug|Any CPU
		Release|Any CPU = Release|Any CPU
	EndGlobalSection
	GlobalSection(ProjectConfigurationPlatforms) = postSolution
		{EEC4C4DC-5268-4648-A981-8CE34EE5BEEA}.Debug|Any CPU.ActiveCfg = Debug|Any CPU
		{EEC4C4DC-5268-4648-A981-8CE34EE5BEEA}.Debug|Any CPU.Build.0 = Debug|Any CPU
		{EEC4C4DC-5268-4648-A981-8CE34EE5BEEA}.Release|Any CPU.ActiveCfg = Release|Any CPU
		{EEC4C4DC-5268-4648-A981-8CE34EE5BEEA}.Release|Any CPU.Build.0 = Release|Any CPU
	EndGlobalSection
	GlobalSection(SolutionProperties) = preSolution
		HideSolutionNode = FALSE
	EndGlobalSection
	GlobalSection(ExtensibilityGlobals) = postSolution
		SolutionGuid = {6D9BAB2B-69A9-4E48-8EDB-DF808EAF144F}
	EndGlobalSection
EndGlobal
