
Microsoft Visual Studio Solution File, Format Version 12.00
# Visual Studio Version 17
VisualStudioVersion = 17.2.32505.173
MinimumVisualStudioVersion = 10.0.40219.1
Project("{FAE04EC0-301F-11D3-BF4B-00C04F79EFBC}") = "ZemljaDobavljača", "ZemljaDobavljača\ZemljaDobavljača.csproj", "{4E119016-B51C-4AA1-97C0-A368B2AEB02A}"
EndProject
Global
	GlobalSection(SolutionConfigurationPlatforms) = preSolution
		Debug|Any CPU = Debug|Any CPU
		Release|Any CPU = Release|Any CPU
	EndGlobalSection
	GlobalSection(ProjectConfigurationPlatforms) = postSolution
		{4E119016-B51C-4AA1-97C0-A368B2AEB02A}.Debug|Any CPU.ActiveCfg = Debug|Any CPU
		{4E119016-B51C-4AA1-97C0-A368B2AEB02A}.Debug|Any CPU.Build.0 = Debug|Any CPU
		{4E119016-B51C-4AA1-97C0-A368B2AEB02A}.Release|Any CPU.ActiveCfg = Release|Any CPU
		{4E119016-B51C-4AA1-97C0-A368B2AEB02A}.Release|Any CPU.Build.0 = Release|Any CPU
	EndGlobalSection
	GlobalSection(SolutionProperties) = preSolution
		HideSolutionNode = FALSE
	EndGlobalSection
	GlobalSection(ExtensibilityGlobals) = postSolution
		SolutionGuid = {4389356D-368E-414C-B89F-129472403420}
	EndGlobalSection
EndGlobal
