
Microsoft Visual Studio Solution File, Format Version 12.00
# Visual Studio Version 16
VisualStudioVersion = 16.0.31424.327
MinimumVisualStudioVersion = 10.0.40219.1
Project("{FAE04EC0-301F-11D3-BF4B-00C04F79EFBC}") = "Zadatak11", "Zadatak11\Zadatak11.csproj", "{29F1AE94-F65F-492A-BBF1-6A4181FB54B9}"
EndProject
Global
	GlobalSection(SolutionConfigurationPlatforms) = preSolution
		Debug|Any CPU = Debug|Any CPU
		Release|Any CPU = Release|Any CPU
	EndGlobalSection
	GlobalSection(ProjectConfigurationPlatforms) = postSolution
		{29F1AE94-F65F-492A-BBF1-6A4181FB54B9}.Debug|Any CPU.ActiveCfg = Debug|Any CPU
		{29F1AE94-F65F-492A-BBF1-6A4181FB54B9}.Debug|Any CPU.Build.0 = Debug|Any CPU
		{29F1AE94-F65F-492A-BBF1-6A4181FB54B9}.Release|Any CPU.ActiveCfg = Release|Any CPU
		{29F1AE94-F65F-492A-BBF1-6A4181FB54B9}.Release|Any CPU.Build.0 = Release|Any CPU
	EndGlobalSection
	GlobalSection(SolutionProperties) = preSolution
		HideSolutionNode = FALSE
	EndGlobalSection
	GlobalSection(ExtensibilityGlobals) = postSolution
		SolutionGuid = {7E074CAA-70F6-41B2-8EE4-DF47E6D4DA71}
	EndGlobalSection
EndGlobal
