
Microsoft Visual Studio Solution File, Format Version 12.00
# Visual Studio Version 16
VisualStudioVersion = 16.0.31424.327
MinimumVisualStudioVersion = 10.0.40219.1
Project("{FAE04EC0-301F-11D3-BF4B-00C04F79EFBC}") = "Zadatak13", "Zadatak13\Zadatak13.csproj", "{61A10707-A23B-4C4F-86BA-6ABC97D5A1F6}"
EndProject
Global
	GlobalSection(SolutionConfigurationPlatforms) = preSolution
		Debug|Any CPU = Debug|Any CPU
		Release|Any CPU = Release|Any CPU
	EndGlobalSection
	GlobalSection(ProjectConfigurationPlatforms) = postSolution
		{61A10707-A23B-4C4F-86BA-6ABC97D5A1F6}.Debug|Any CPU.ActiveCfg = Debug|Any CPU
		{61A10707-A23B-4C4F-86BA-6ABC97D5A1F6}.Debug|Any CPU.Build.0 = Debug|Any CPU
		{61A10707-A23B-4C4F-86BA-6ABC97D5A1F6}.Release|Any CPU.ActiveCfg = Release|Any CPU
		{61A10707-A23B-4C4F-86BA-6ABC97D5A1F6}.Release|Any CPU.Build.0 = Release|Any CPU
	EndGlobalSection
	GlobalSection(SolutionProperties) = preSolution
		HideSolutionNode = FALSE
	EndGlobalSection
	GlobalSection(ExtensibilityGlobals) = postSolution
		SolutionGuid = {C843D936-5C95-4844-87EE-14FD9748FA19}
	EndGlobalSection
EndGlobal
