
Microsoft Visual Studio Solution File, Format Version 12.00
# Visual Studio Version 16
VisualStudioVersion = 16.0.31424.327
MinimumVisualStudioVersion = 10.0.40219.1
Project("{FAE04EC0-301F-11D3-BF4B-00C04F79EFBC}") = "Zadatak5", "Zadatak5\Zadatak5.csproj", "{EEF02C06-8531-4E95-9D65-D8F0B4106F97}"
EndProject
Global
	GlobalSection(SolutionConfigurationPlatforms) = preSolution
		Debug|Any CPU = Debug|Any CPU
		Release|Any CPU = Release|Any CPU
	EndGlobalSection
	GlobalSection(ProjectConfigurationPlatforms) = postSolution
		{EEF02C06-8531-4E95-9D65-D8F0B4106F97}.Debug|Any CPU.ActiveCfg = Debug|Any CPU
		{EEF02C06-8531-4E95-9D65-D8F0B4106F97}.Debug|Any CPU.Build.0 = Debug|Any CPU
		{EEF02C06-8531-4E95-9D65-D8F0B4106F97}.Release|Any CPU.ActiveCfg = Release|Any CPU
		{EEF02C06-8531-4E95-9D65-D8F0B4106F97}.Release|Any CPU.Build.0 = Release|Any CPU
	EndGlobalSection
	GlobalSection(SolutionProperties) = preSolution
		HideSolutionNode = FALSE
	EndGlobalSection
	GlobalSection(ExtensibilityGlobals) = postSolution
		SolutionGuid = {20482183-3CA7-431C-9D12-FC7AF681AF85}
	EndGlobalSection
EndGlobal
